
Microsoft Visual Studio Solution File, Format Version 12.00
# Visual Studio Version 17
VisualStudioVersion = 17.0.31903.59
MinimumVisualStudioVersion = 10.0.40219.1
Project("{2150E333-8FDC-42A3-9474-1A3956D46DE8}") = "backend", "backend", "{1AE8ACA6-933B-BF2A-3671-3E2EAC007D16}"
EndProject
Project("{FAE04EC0-301F-11D3-BF4B-00C04F79EFBC}") = "Countries.Api", "backend\Countries.Api\Countries.Api.csproj", "{CF7E928B-F4F1-4DCC-A0BA-5C779C0FE81B}"
EndProject
Project("{FAE04EC0-301F-11D3-BF4B-00C04F79EFBC}") = "Countries.Application", "backend\Countries.Application\Countries.Application.csproj", "{AEF64EE9-4A8B-4D83-B6B2-4A0EAF41D930}"
EndProject
Project("{FAE04EC0-301F-11D3-BF4B-00C04F79EFBC}") = "Countries.Infrastructure", "backend\Countries.Infrastructure\Countries.Infrastructure.csproj", "{4E88BBCA-40DA-4023-AC79-9DF0FD3CA175}"
EndProject
Project("{FAE04EC0-301F-11D3-BF4B-00C04F79EFBC}") = "Countries.Domain", "backend\Countries.Domain\Countries.Domain.csproj", "{B71602B5-9A81-4284-8A8F-FDE38DBB6927}"
EndProject
Global
	GlobalSection(SolutionConfigurationPlatforms) = preSolution
		Debug|Any CPU = Debug|Any CPU
		Debug|x64 = Debug|x64
		Debug|x86 = Debug|x86
		Release|Any CPU = Release|Any CPU
		Release|x64 = Release|x64
		Release|x86 = Release|x86
	EndGlobalSection
	GlobalSection(ProjectConfigurationPlatforms) = postSolution
		{CF7E928B-F4F1-4DCC-A0BA-5C779C0FE81B}.Debug|Any CPU.ActiveCfg = Debug|Any CPU
		{CF7E928B-F4F1-4DCC-A0BA-5C779C0FE81B}.Debug|Any CPU.Build.0 = Debug|Any CPU
		{CF7E928B-F4F1-4DCC-A0BA-5C779C0FE81B}.Debug|x64.ActiveCfg = Debug|Any CPU
		{CF7E928B-F4F1-4DCC-A0BA-5C779C0FE81B}.Debug|x64.Build.0 = Debug|Any CPU
		{CF7E928B-F4F1-4DCC-A0BA-5C779C0FE81B}.Debug|x86.ActiveCfg = Debug|Any CPU
		{CF7E928B-F4F1-4DCC-A0BA-5C779C0FE81B}.Debug|x86.Build.0 = Debug|Any CPU
		{CF7E928B-F4F1-4DCC-A0BA-5C779C0FE81B}.Release|Any CPU.ActiveCfg = Release|Any CPU
		{CF7E928B-F4F1-4DCC-A0BA-5C779C0FE81B}.Release|Any CPU.Build.0 = Release|Any CPU
		{CF7E928B-F4F1-4DCC-A0BA-5C779C0FE81B}.Release|x64.ActiveCfg = Release|Any CPU
		{CF7E928B-F4F1-4DCC-A0BA-5C779C0FE81B}.Release|x64.Build.0 = Release|Any CPU
		{CF7E928B-F4F1-4DCC-A0BA-5C779C0FE81B}.Release|x86.ActiveCfg = Release|Any CPU
		{CF7E928B-F4F1-4DCC-A0BA-5C779C0FE81B}.Release|x86.Build.0 = Release|Any CPU
		{AEF64EE9-4A8B-4D83-B6B2-4A0EAF41D930}.Debug|Any CPU.ActiveCfg = Debug|Any CPU
		{AEF64EE9-4A8B-4D83-B6B2-4A0EAF41D930}.Debug|Any CPU.Build.0 = Debug|Any CPU
		{AEF64EE9-4A8B-4D83-B6B2-4A0EAF41D930}.Debug|x64.ActiveCfg = Debug|Any CPU
		{AEF64EE9-4A8B-4D83-B6B2-4A0EAF41D930}.Debug|x64.Build.0 = Debug|Any CPU
		{AEF64EE9-4A8B-4D83-B6B2-4A0EAF41D930}.Debug|x86.ActiveCfg = Debug|Any CPU
		{AEF64EE9-4A8B-4D83-B6B2-4A0EAF41D930}.Debug|x86.Build.0 = Debug|Any CPU
		{AEF64EE9-4A8B-4D83-B6B2-4A0EAF41D930}.Release|Any CPU.ActiveCfg = Release|Any CPU
		{AEF64EE9-4A8B-4D83-B6B2-4A0EAF41D930}.Release|Any CPU.Build.0 = Release|Any CPU
		{AEF64EE9-4A8B-4D83-B6B2-4A0EAF41D930}.Release|x64.ActiveCfg = Release|Any CPU
		{AEF64EE9-4A8B-4D83-B6B2-4A0EAF41D930}.Release|x64.Build.0 = Release|Any CPU
		{AEF64EE9-4A8B-4D83-B6B2-4A0EAF41D930}.Release|x86.ActiveCfg = Release|Any CPU
		{AEF64EE9-4A8B-4D83-B6B2-4A0EAF41D930}.Release|x86.Build.0 = Release|Any CPU
		{4E88BBCA-40DA-4023-AC79-9DF0FD3CA175}.Debug|Any CPU.ActiveCfg = Debug|Any CPU
		{4E88BBCA-40DA-4023-AC79-9DF0FD3CA175}.Debug|Any CPU.Build.0 = Debug|Any CPU
		{4E88BBCA-40DA-4023-AC79-9DF0FD3CA175}.Debug|x64.ActiveCfg = Debug|Any CPU
		{4E88BBCA-40DA-4023-AC79-9DF0FD3CA175}.Debug|x64.Build.0 = Debug|Any CPU
		{4E88BBCA-40DA-4023-AC79-9DF0FD3CA175}.Debug|x86.ActiveCfg = Debug|Any CPU
		{4E88BBCA-40DA-4023-AC79-9DF0FD3CA175}.Debug|x86.Build.0 = Debug|Any CPU
		{4E88BBCA-40DA-4023-AC79-9DF0FD3CA175}.Release|Any CPU.ActiveCfg = Release|Any CPU
		{4E88BBCA-40DA-4023-AC79-9DF0FD3CA175}.Release|Any CPU.Build.0 = Release|Any CPU
		{4E88BBCA-40DA-4023-AC79-9DF0FD3CA175}.Release|x64.ActiveCfg = Release|Any CPU
		{4E88BBCA-40DA-4023-AC79-9DF0FD3CA175}.Release|x64.Build.0 = Release|Any CPU
		{4E88BBCA-40DA-4023-AC79-9DF0FD3CA175}.Release|x86.ActiveCfg = Release|Any CPU
		{4E88BBCA-40DA-4023-AC79-9DF0FD3CA175}.Release|x86.Build.0 = Release|Any CPU
		{B71602B5-9A81-4284-8A8F-FDE38DBB6927}.Debug|Any CPU.ActiveCfg = Debug|Any CPU
		{B71602B5-9A81-4284-8A8F-FDE38DBB6927}.Debug|Any CPU.Build.0 = Debug|Any CPU
		{B71602B5-9A81-4284-8A8F-FDE38DBB6927}.Debug|x64.ActiveCfg = Debug|Any CPU
		{B71602B5-9A81-4284-8A8F-FDE38DBB6927}.Debug|x64.Build.0 = Debug|Any CPU
		{B71602B5-9A81-4284-8A8F-FDE38DBB6927}.Debug|x86.ActiveCfg = Debug|Any CPU
		{B71602B5-9A81-4284-8A8F-FDE38DBB6927}.Debug|x86.Build.0 = Debug|Any CPU
		{B71602B5-9A81-4284-8A8F-FDE38DBB6927}.Release|Any CPU.ActiveCfg = Release|Any CPU
		{B71602B5-9A81-4284-8A8F-FDE38DBB6927}.Release|Any CPU.Build.0 = Release|Any CPU
		{B71602B5-9A81-4284-8A8F-FDE38DBB6927}.Release|x64.ActiveCfg = Release|Any CPU
		{B71602B5-9A81-4284-8A8F-FDE38DBB6927}.Release|x64.Build.0 = Release|Any CPU
		{B71602B5-9A81-4284-8A8F-FDE38DBB6927}.Release|x86.ActiveCfg = Release|Any CPU
		{B71602B5-9A81-4284-8A8F-FDE38DBB6927}.Release|x86.Build.0 = Release|Any CPU
	EndGlobalSection
	GlobalSection(SolutionProperties) = preSolution
		HideSolutionNode = FALSE
	EndGlobalSection
	GlobalSection(NestedProjects) = preSolution
		{CF7E928B-F4F1-4DCC-A0BA-5C779C0FE81B} = {1AE8ACA6-933B-BF2A-3671-3E2EAC007D16}
		{AEF64EE9-4A8B-4D83-B6B2-4A0EAF41D930} = {1AE8ACA6-933B-BF2A-3671-3E2EAC007D16}
		{4E88BBCA-40DA-4023-AC79-9DF0FD3CA175} = {1AE8ACA6-933B-BF2A-3671-3E2EAC007D16}
		{B71602B5-9A81-4284-8A8F-FDE38DBB6927} = {1AE8ACA6-933B-BF2A-3671-3E2EAC007D16}
	EndGlobalSection
EndGlobal
